
Microsoft Visual Studio Solution File, Format Version 12.00
# Visual Studio Version 16
VisualStudioVersion = 16.0.30330.147
MinimumVisualStudioVersion = 10.0.40219.1
Project("{FAE04EC0-301F-11D3-BF4B-00C04F79EFBC}") = "testsdocker", "testsdocker.csproj", "{84FE781B-54A3-456A-ADE0-B59DAF68F1CE}"
EndProject
Global
	GlobalSection(SolutionConfigurationPlatforms) = preSolution
		Debug|Any CPU = Debug|Any CPU
		Release|Any CPU = Release|Any CPU
	EndGlobalSection
	GlobalSection(ProjectConfigurationPlatforms) = postSolution
		{84FE781B-54A3-456A-ADE0-B59DAF68F1CE}.Debug|Any CPU.ActiveCfg = Debug|Any CPU
		{84FE781B-54A3-456A-ADE0-B59DAF68F1CE}.Debug|Any CPU.Build.0 = Debug|Any CPU
		{84FE781B-54A3-456A-ADE0-B59DAF68F1CE}.Release|Any CPU.ActiveCfg = Release|Any CPU
		{84FE781B-54A3-456A-ADE0-B59DAF68F1CE}.Release|Any CPU.Build.0 = Release|Any CPU
	EndGlobalSection
	GlobalSection(SolutionProperties) = preSolution
		HideSolutionNode = FALSE
	EndGlobalSection
	GlobalSection(ExtensibilityGlobals) = postSolution
		SolutionGuid = {F6B42442-1F8B-41E7-9996-4E15C6F93526}
	EndGlobalSection
EndGlobal
